
Microsoft Visual Studio Solution File, Format Version 12.00
# Visual Studio Version 17
VisualStudioVersion = 17.13.35919.96 d17.13
MinimumVisualStudioVersion = 10.0.40219.1
Project("{FAE04EC0-301F-11D3-BF4B-00C04F79EFBC}") = "MisturadorDeCaracteres", "MisturadorDeCaracteres\MisturadorDeCaracteres.csproj", "{F36EFAAF-A06B-4D18-8817-57D969CAA855}"
EndProject
Global
	GlobalSection(SolutionConfigurationPlatforms) = preSolution
		Debug|Any CPU = Debug|Any CPU
		Release|Any CPU = Release|Any CPU
	EndGlobalSection
	GlobalSection(ProjectConfigurationPlatforms) = postSolution
		{F36EFAAF-A06B-4D18-8817-57D969CAA855}.Debug|Any CPU.ActiveCfg = Debug|Any CPU
		{F36EFAAF-A06B-4D18-8817-57D969CAA855}.Debug|Any CPU.Build.0 = Debug|Any CPU
		{F36EFAAF-A06B-4D18-8817-57D969CAA855}.Release|Any CPU.ActiveCfg = Release|Any CPU
		{F36EFAAF-A06B-4D18-8817-57D969CAA855}.Release|Any CPU.Build.0 = Release|Any CPU
	EndGlobalSection
	GlobalSection(SolutionProperties) = preSolution
		HideSolutionNode = FALSE
	EndGlobalSection
	GlobalSection(ExtensibilityGlobals) = postSolution
		SolutionGuid = {BE7BDDB5-F8F5-49C3-9C3E-CC17912995E6}
	EndGlobalSection
EndGlobal
